# This file is autogenerated, do not edit; changes may be undone by the next 'dep ensure'.


[[projects]]
  digest = "1:31631e8c076fdda45675347ac76f4e3466b65648064704f38c6e73b5d0f91c39"
  name = "github.com/DataDog/zstd"
  packages = ["."]
  pruneopts = ""
  revision = "69c5189b6513b1503c9c5332fb2e96362e51d547"
  version = "v1.3.8"

[[projects]]
  digest = "1:12b4b9aac69fc64bde2b4d9fff377bf910b2dc51fb3e638ce1518b4c9eec2388"
  name = "github.com/OneOfOne/xxhash"
  packages = ["."]
  pruneopts = ""
  revision = "c1e3185f167680b62832a0a11938a04b1ab265fc"
  version = "v1.2.5"

[[projects]]
  branch = "master"
  digest = "1:dfe7e1b1712d50692653fd2e1d0a84feabe926a898c4fdd56a3166a03cffa262"
  name = "github.com/Shopify/sarama"
  packages = ["."]
  pruneopts = ""
  revision = "a2078a826ecf43cf80dd9c75e3ff7b23f7940f79"
  source = "git@github.com:zhipcui/sarama.git"

[[projects]]
  digest = "1:0deddd908b6b4b768cfc272c16ee61e7088a60f7fe2f06c547bd3d8e1f8b8e77"
  name = "github.com/davecgh/go-spew"
  packages = ["spew"]
  pruneopts = ""
  revision = "8991bc29aa16c548c550c7ff78260e27b9ab7c73"
  version = "v1.1.1"

[[projects]]
  digest = "1:6d6672f85a84411509885eaa32f597577873de00e30729b9bb0eb1e1faa49c12"
  name = "github.com/eapache/go-resiliency"
  packages = ["breaker"]
  pruneopts = ""
  revision = "ea41b0fad31007accc7f806884dcdf3da98b79ce"
  version = "v1.1.0"

[[projects]]
  branch = "master"
  digest = "1:6643c01e619a68f80ac12ad81223275df653528c6d7e3788291c1fd6f1d622f6"
  name = "github.com/eapache/go-xerial-snappy"
  packages = ["."]
  pruneopts = ""
  revision = "776d5712da21bc4762676d614db1d8a64f4238b0"

[[projects]]
  digest = "1:d8d46d21073d0f65daf1740ebf4629c65e04bf92e14ce93c2201e8624843c3d3"
  name = "github.com/eapache/queue"
  packages = ["."]
  pruneopts = ""
  revision = "44cc805cf13205b55f69e14bcb69867d1ae92f98"
  version = "v1.1.0"

[[projects]]
  digest = "1:eb53021a8aa3f599d29c7102e65026242bdedce998a54837dc67f14b6a97c5fd"
  name = "github.com/fsnotify/fsnotify"
  packages = ["."]
  pruneopts = ""
  revision = "c2828203cd70a50dcccfb2761f8b1f8ceef9a8e9"
  version = "v1.4.7"

[[projects]]
  digest = "1:6a6322a15aa8e99bd156fbba0aae4e5d67b4bb05251d860b348a45dfdcba9cce"
  name = "github.com/golang/snappy"
  packages = ["."]
  pruneopts = ""
  revision = "2a8bb927dd31d8daada140a5d09578521ce5c36a"
  version = "v0.0.1"

[[projects]]
  digest = "1:ad92aa49f34cbc3546063c7eb2cabb55ee2278b72842eda80e2a20a8a06a8d73"
  name = "github.com/google/uuid"
  packages = ["."]
  pruneopts = ""
  revision = "0cd6bf5da1e1c83f8b45653022c74f71af0538a4"
  version = "v1.1.1"

[[projects]]
  digest = "1:d14365c51dd1d34d5c79833ec91413bfbb166be978724f15701e17080dc06dec"
  name = "github.com/hashicorp/hcl"
  packages = [
    ".",
    "hcl/ast",
    "hcl/parser",
    "hcl/printer",
    "hcl/scanner",
    "hcl/strconv",
    "hcl/token",
    "json/parser",
    "json/scanner",
    "json/token",
  ]
  pruneopts = ""
  revision = "8cb6e5b959231cc1119e43259c4a608f9c51a241"
  version = "v1.0.0"

[[projects]]
  branch = "master"
  digest = "1:1c2fc412375033d9b9f3f7fc5e9554d94c9a82a042c6e03d03ccc207e9f14928"
  name = "github.com/julienschmidt/httprouter"
  packages = ["."]
  pruneopts = ""
  revision = "26a05976f9bf5c3aa992cc20e8588c359418ee58"

[[projects]]
  digest = "1:159d88c39fc4df2be2a9a3f973b40b3c96caeabd2f4e2e4674db958e43fa20ac"
  name = "github.com/karrick/goswarm"
  packages = ["."]
  pruneopts = ""
  revision = "23ee89c82398e9cd1690e2ef1183eab732869ed3"
  version = "v1.10.0"

[[projects]]
  digest = "1:961dc3b1d11f969370533390fdf203813162980c858e1dabe827b60940c909a5"
  name = "github.com/magiconair/properties"
  packages = ["."]
  pruneopts = ""
  revision = "c2353362d570a7bfa228149c62842019201cfb71"
  version = "v1.8.0"

[[projects]]
  digest = "1:bcc46a0fbd9e933087bef394871256b5c60269575bb661935874729c65bbbf60"
  name = "github.com/mitchellh/mapstructure"
  packages = ["."]
  pruneopts = ""
  revision = "3536a929edddb9a5b34bd6861dc4a9647cb459fe"
  version = "v1.1.2"

[[projects]]
  digest = "1:a5484d4fa43127138ae6e7b2299a6a52ae006c7f803d98d717f60abf3e97192e"
  name = "github.com/pborman/uuid"
  packages = ["."]
  pruneopts = ""
  revision = "adf5a7427709b9deb95d29d3fa8a2bf9cfd388f1"
  version = "v1.2"

[[projects]]
  digest = "1:1abf7411185ed8dde4e62c3d3fe9f2de5ffb3a86d1fbd405177afc8a40916adf"
  name = "github.com/pelletier/go-toml"
  packages = ["."]
  pruneopts = ""
  revision = "63909f0a90ab0f36909e8e044e46ace10cf13ba2"
  version = "v1.3.0"

[[projects]]
  digest = "1:eea52fd418b317ff9afc060cd1697b841f3b22e30df465271c0b6049c479c3b4"
  name = "github.com/pierrec/lz4"
  packages = [
    ".",
    "internal/xxh32",
  ]
  pruneopts = ""
  revision = "315a67e90e415bcdaff33057da191569bf4d8479"
  version = "v2.1.1"

[[projects]]
  digest = "1:256484dbbcd271f9ecebc6795b2df8cad4c458dd0f5fd82a8c2fa0c29f233411"
  name = "github.com/pmezard/go-difflib"
  packages = ["difflib"]
  pruneopts = ""
  revision = "792786c7400a136282c1664665ae0a8db921c6c2"
  version = "v1.0.0"

[[projects]]
  branch = "master"
  digest = "1:bc5884d890d71ae56382665a93d792af3602dae40fa98778170e4795598a7264"
  name = "github.com/rcrowley/go-metrics"
  packages = ["."]
  pruneopts = ""
  revision = "3113b8401b8a98917cde58f8bbd42a1b1c03b1fd"

[[projects]]
  branch = "master"
  digest = "1:7fc2f428767a2521abc63f1a663d981f61610524275d6c0ea645defadd4e916f"
  name = "github.com/samuel/go-zookeeper"
  packages = ["zk"]
  pruneopts = ""
  revision = "c4fab1ac1bec58281ad0667dc3f0907a9476ac47"

[[projects]]
  digest = "1:956f655c87b7255c6b1ae6c203ebb0af98cf2a13ef2507e34c9bf1c0332ac0f5"
  name = "github.com/spf13/afero"
  packages = [
    ".",
    "mem",
  ]
  pruneopts = ""
  revision = "588a75ec4f32903aa5e39a2619ba6a4631e28424"
  version = "v1.2.2"

[[projects]]
  digest = "1:ae3493c780092be9d576a1f746ab967293ec165e8473425631f06658b6212afc"
  name = "github.com/spf13/cast"
  packages = ["."]
  pruneopts = ""
  revision = "8c9545af88b134710ab1cd196795e7f2388358d7"
  version = "v1.3.0"

[[projects]]
  digest = "1:cc15ae4fbdb02ce31f3392361a70ac041f4f02e0485de8ffac92bd8033e3d26e"
  name = "github.com/spf13/jwalterweatherman"
  packages = ["."]
  pruneopts = ""
  revision = "94f6ae3ed3bceceafa716478c5fbf8d29ca601a1"
  version = "v1.1.0"

[[projects]]
  digest = "1:cbaf13cdbfef0e4734ed8a7504f57fe893d471d62a35b982bf6fb3f036449a66"
  name = "github.com/spf13/pflag"
  packages = ["."]
  pruneopts = ""
  revision = "298182f68c66c05229eb03ac171abe6e309ee79a"
  version = "v1.0.3"

[[projects]]
  digest = "1:90fe60ab6f827e308b0c8cc1e11dce8ff1e96a927c8b171271a3cb04dd517606"
  name = "github.com/spf13/viper"
  packages = ["."]
  pruneopts = ""
  revision = "9e56dacc08fbbf8c9ee2dbc717553c758ce42bc9"
  version = "v1.3.2"

[[projects]]
  digest = "1:711eebe744c0151a9d09af2315f0bb729b2ec7637ef4c410fa90a18ef74b65b6"
  name = "github.com/stretchr/objx"
  packages = ["."]
  pruneopts = ""
  revision = "477a77ecc69700c7cdeb1fa9e129548e1c1c393c"
  version = "v0.1.1"

[[projects]]
  branch = "master"
  digest = "1:964b5eed574102624d89e65d60548ea4873cbb02cff615a4f17bbb6cf337750a"
  name = "github.com/stretchr/testify"
  packages = [
    "assert",
    "mock",
  ]
  pruneopts = ""
  revision = "34c6fa2dc70986bccbbffcc6130f6920a924b075"

[[projects]]
  branch = "master"
  digest = "1:ad74f33a69bd6ab0bd7287003b7c1069b94cfb5213eb5597005fe2963d7dfca9"
  name = "github.com/xdg/scram"
  packages = ["."]
  pruneopts = ""
  revision = "7eeb5667e42c09cb51bf7b7c28aea8c56767da90"

[[projects]]
  digest = "1:d110a69f3fba1632d3a543ebfbf9a62ea59bd2cf0c34608975d7e2c761c10edc"
  name = "github.com/xdg/stringprep"
  packages = ["."]
  pruneopts = ""
  revision = "bd625b8dc1e3b0f57412280ccbcc317f0c69d8db"
  version = "v1.0.0"

[[projects]]
  digest = "1:74f86c458e82e1c4efbab95233e0cf51b7cc02dc03193be9f62cd81224e10401"
  name = "go.uber.org/atomic"
  packages = ["."]
  pruneopts = ""
  revision = "1ea20fb1cbb1cc08cbd0d913a96dead89aa18289"
  version = "v1.3.2"

[[projects]]
  digest = "1:22c7effcb4da0eacb2bb1940ee173fac010e9ef3c691f5de4b524d538bd980f5"
  name = "go.uber.org/multierr"
  packages = ["."]
  pruneopts = ""
  revision = "3c4937480c32f4c13a875a1829af76c98ca3d40a"
  version = "v1.1.0"

[[projects]]
  digest = "1:246f378f80fba6fcf0f191c486b6613265abd2bc0f2fa55a36b928c67352021e"
  name = "go.uber.org/zap"
  packages = [
    ".",
    "buffer",
    "internal/bufferpool",
    "internal/color",
    "internal/exit",
    "zapcore",
  ]
  pruneopts = ""
  revision = "ff33455a0e382e8a81d14dd7c922020b6b5e7982"
  version = "v1.9.1"

[[projects]]
  branch = "master"
  digest = "1:79c9390c9986545f84bdf2600e380c5938c7b27067290514e964367cd4102476"
  name = "golang.org/x/crypto"
  packages = ["pbkdf2"]
  pruneopts = ""
  revision = "38d8ce5564a5b71b2e3a00553993f1b9a7ae852f"

[[projects]]
  branch = "master"
  digest = "1:09972eaa1645553c1cf5b0d2b471aa3aef8d9ab88ca45528e131cd32e8572fb9"
  name = "golang.org/x/net"
  packages = [
    "internal/socks",
    "proxy",
  ]
  pruneopts = ""
  revision = "eb5bcb51f2a31c7d5141d810b70815c05d9c9146"

[[projects]]
  branch = "master"
  digest = "1:324284c785de82a80ce83bf31b89ee00d5d3b575106293eb279c2a4d07273d8b"
  name = "golang.org/x/sys"
  packages = ["unix"]
  pruneopts = ""
  revision = "0ad05ae3009d6413d3363aa09b350b2ec37daf09"

[[projects]]
  digest = "1:5acd3512b047305d49e8763eef7ba423901e85d5dd2fd1e71778a0ea8de10bd4"
  name = "golang.org/x/text"
  packages = [
    "internal/gen",
    "internal/triegen",
    "internal/ucd",
    "transform",
    "unicode/cldr",
    "unicode/norm",
  ]
  pruneopts = ""
  revision = "f21a4dfb5e38f5895301dc265a8def02365cc3d0"
  version = "v0.3.0"

[[projects]]
  branch = "v3"
  digest = "1:fa33d1dde8ce5b0b37c38c767c250a7684ecd385f9dbabe594ea8543e4d55807"
  name = "gopkg.in/alexcesaro/quotedprintable.v3"
  packages = ["."]
  pruneopts = ""
  revision = "2caba252f4dc53eaf6b553000885530023f54623"

[[projects]]
  branch = "v2"
  digest = "1:a601673ef8af35a7b815b312ed9c4213c3837ddc43e99a000ea2e855376b637c"
  name = "gopkg.in/gomail.v2"
  packages = ["."]
  pruneopts = ""
  revision = "81ebce5c23dfd25c6c67194b37d3dd3f338c98b1"

[[projects]]
  digest = "1:11c58e19ff7ce22740423bb933f1ddca3bf575def40d5ac3437ec12871b1648b"
  name = "gopkg.in/natefinch/lumberjack.v2"
  packages = ["."]
  pruneopts = ""
  revision = "a96e63847dc3c67d17befa69c303767e2f84e54f"
  version = "v2.1"

[[projects]]
  digest = "1:cedccf16b71e86db87a24f8d4c70b0a855872eb967cb906a66b95de56aefbd0d"
  name = "gopkg.in/yaml.v2"
  packages = ["."]
  pruneopts = ""
  revision = "51d6538a90f86fe93ac480b35f37b2be17fef232"
  version = "v2.2.2"

[solve-meta]
  analyzer-name = "dep"
  analyzer-version = 1
  input-imports = [
    "github.com/OneOfOne/xxhash",
    "github.com/Shopify/sarama",
    "github.com/julienschmidt/httprouter",
    "github.com/karrick/goswarm",
    "github.com/pborman/uuid",
    "github.com/samuel/go-zookeeper/zk",
    "github.com/spf13/viper",
    "github.com/stretchr/testify/assert",
    "github.com/stretchr/testify/mock",
    "github.com/xdg/scram",
    "go.uber.org/zap",
    "go.uber.org/zap/zapcore",
    "gopkg.in/gomail.v2",
    "gopkg.in/natefinch/lumberjack.v2",
  ]
  solver-name = "gps-cdcl"
  solver-version = 1
